
Microsoft Visual Studio Solution File, Format Version 12.00
# Visual Studio 15
VisualStudioVersion = 15.0.27004.2009
MinimumVisualStudioVersion = 10.0.40219.1
Project("{9A19103F-16F7-4668-BE54-9A1E7A4F7556}") = "Hotsapi.Parser", "Hotsapi.Parser\Hotsapi.Parser.csproj", "{F7F5BF71-F743-4B3D-AAAD-F728643E56DA}"
EndProject
Project("{9A19103F-16F7-4668-BE54-9A1E7A4F7556}") = "Heroes.ReplayParser.netstandard", "Heroes.ReplayParser\Heroes.ReplayParser\Heroes.ReplayParser.netstandard.csproj", "{C1B434E1-E7A9-4A92-94F4-DBBD4FD79988}"
EndProject
Project("{9A19103F-16F7-4668-BE54-9A1E7A4F7556}") = "MpqTool.netstandard", "Heroes.ReplayParser\MpqTool\MpqTool.netstandard.csproj", "{0B70C187-D808-4033-A4F2-A2BE9D3097DB}"
EndProject
Project("{FAE04EC0-301F-11D3-BF4B-00C04F79EFBC}") = "Hotsapi.Parser.Test", "Hotsapi.Parser.Test\Hotsapi.Parser.Test.csproj", "{9AB9D968-CBBB-4A8C-A9D3-AD4B851CBF0B}"
EndProject
Global
	GlobalSection(SolutionConfigurationPlatforms) = preSolution
		Debug|Any CPU = Debug|Any CPU
		Release|Any CPU = Release|Any CPU
	EndGlobalSection
	GlobalSection(ProjectConfigurationPlatforms) = postSolution
		{F7F5BF71-F743-4B3D-AAAD-F728643E56DA}.Debug|Any CPU.ActiveCfg = Debug|Any CPU
		{F7F5BF71-F743-4B3D-AAAD-F728643E56DA}.Debug|Any CPU.Build.0 = Debug|Any CPU
		{F7F5BF71-F743-4B3D-AAAD-F728643E56DA}.Release|Any CPU.ActiveCfg = Release|Any CPU
		{F7F5BF71-F743-4B3D-AAAD-F728643E56DA}.Release|Any CPU.Build.0 = Release|Any CPU
		{C1B434E1-E7A9-4A92-94F4-DBBD4FD79988}.Debug|Any CPU.ActiveCfg = Debug|Any CPU
		{C1B434E1-E7A9-4A92-94F4-DBBD4FD79988}.Debug|Any CPU.Build.0 = Debug|Any CPU
		{C1B434E1-E7A9-4A92-94F4-DBBD4FD79988}.Release|Any CPU.ActiveCfg = Release|Any CPU
		{C1B434E1-E7A9-4A92-94F4-DBBD4FD79988}.Release|Any CPU.Build.0 = Release|Any CPU
		{0B70C187-D808-4033-A4F2-A2BE9D3097DB}.Debug|Any CPU.ActiveCfg = Debug|Any CPU
		{0B70C187-D808-4033-A4F2-A2BE9D3097DB}.Debug|Any CPU.Build.0 = Debug|Any CPU
		{0B70C187-D808-4033-A4F2-A2BE9D3097DB}.Release|Any CPU.ActiveCfg = Release|Any CPU
		{0B70C187-D808-4033-A4F2-A2BE9D3097DB}.Release|Any CPU.Build.0 = Release|Any CPU
		{9AB9D968-CBBB-4A8C-A9D3-AD4B851CBF0B}.Debug|Any CPU.ActiveCfg = Debug|Any CPU
		{9AB9D968-CBBB-4A8C-A9D3-AD4B851CBF0B}.Debug|Any CPU.Build.0 = Debug|Any CPU
		{9AB9D968-CBBB-4A8C-A9D3-AD4B851CBF0B}.Release|Any CPU.ActiveCfg = Release|Any CPU
		{9AB9D968-CBBB-4A8C-A9D3-AD4B851CBF0B}.Release|Any CPU.Build.0 = Release|Any CPU
	EndGlobalSection
	GlobalSection(SolutionProperties) = preSolution
		HideSolutionNode = FALSE
	EndGlobalSection
	GlobalSection(ExtensibilityGlobals) = postSolution
		SolutionGuid = {54DB24B6-4126-425F-A9AC-0D3C81001516}
	EndGlobalSection
EndGlobal
